
Microsoft Visual Studio Solution File, Format Version 12.00
# Visual Studio Version 16
VisualStudioVersion = 16.0.33027.164
MinimumVisualStudioVersion = 10.0.40219.1
Project("{FAE04EC0-301F-11D3-BF4B-00C04F79EFBC}") = "Ejercicio11", "Ejercicio11\Ejercicio11.csproj", "{5F7ADD0B-6C07-4561-89C5-991AC37AAC28}"
EndProject
Global
	GlobalSection(SolutionConfigurationPlatforms) = preSolution
		Debug|Any CPU = Debug|Any CPU
		Release|Any CPU = Release|Any CPU
	EndGlobalSection
	GlobalSection(ProjectConfigurationPlatforms) = postSolution
		{5F7ADD0B-6C07-4561-89C5-991AC37AAC28}.Debug|Any CPU.ActiveCfg = Debug|Any CPU
		{5F7ADD0B-6C07-4561-89C5-991AC37AAC28}.Debug|Any CPU.Build.0 = Debug|Any CPU
		{5F7ADD0B-6C07-4561-89C5-991AC37AAC28}.Release|Any CPU.ActiveCfg = Release|Any CPU
		{5F7ADD0B-6C07-4561-89C5-991AC37AAC28}.Release|Any CPU.Build.0 = Release|Any CPU
	EndGlobalSection
	GlobalSection(SolutionProperties) = preSolution
		HideSolutionNode = FALSE
	EndGlobalSection
	GlobalSection(ExtensibilityGlobals) = postSolution
		SolutionGuid = {8D1F8690-413C-4195-A314-D9C3C266B843}
	EndGlobalSection
EndGlobal
