
Microsoft Visual Studio Solution File, Format Version 12.00
# Visual Studio Version 16
VisualStudioVersion = 16.0.33027.164
MinimumVisualStudioVersion = 10.0.40219.1
Project("{FAE04EC0-301F-11D3-BF4B-00C04F79EFBC}") = "Ejercicio21", "Ejercicio21\Ejercicio21.csproj", "{BA05CE93-BA40-401A-8CA8-6614F290EF9A}"
EndProject
Global
	GlobalSection(SolutionConfigurationPlatforms) = preSolution
		Debug|Any CPU = Debug|Any CPU
		Release|Any CPU = Release|Any CPU
	EndGlobalSection
	GlobalSection(ProjectConfigurationPlatforms) = postSolution
		{BA05CE93-BA40-401A-8CA8-6614F290EF9A}.Debug|Any CPU.ActiveCfg = Debug|Any CPU
		{BA05CE93-BA40-401A-8CA8-6614F290EF9A}.Debug|Any CPU.Build.0 = Debug|Any CPU
		{BA05CE93-BA40-401A-8CA8-6614F290EF9A}.Release|Any CPU.ActiveCfg = Release|Any CPU
		{BA05CE93-BA40-401A-8CA8-6614F290EF9A}.Release|Any CPU.Build.0 = Release|Any CPU
	EndGlobalSection
	GlobalSection(SolutionProperties) = preSolution
		HideSolutionNode = FALSE
	EndGlobalSection
	GlobalSection(ExtensibilityGlobals) = postSolution
		SolutionGuid = {4F42FAFF-5455-4079-887B-3F39E06A9E73}
	EndGlobalSection
EndGlobal
