
Microsoft Visual Studio Solution File, Format Version 12.00
# Visual Studio Version 16
VisualStudioVersion = 16.0.33027.164
MinimumVisualStudioVersion = 10.0.40219.1
Project("{FAE04EC0-301F-11D3-BF4B-00C04F79EFBC}") = "Ejercicio22", "Ejercicio22\Ejercicio22.csproj", "{6ABF68FE-8799-4C10-934E-C6D27CAE061F}"
EndProject
Global
	GlobalSection(SolutionConfigurationPlatforms) = preSolution
		Debug|Any CPU = Debug|Any CPU
		Release|Any CPU = Release|Any CPU
	EndGlobalSection
	GlobalSection(ProjectConfigurationPlatforms) = postSolution
		{6ABF68FE-8799-4C10-934E-C6D27CAE061F}.Debug|Any CPU.ActiveCfg = Debug|Any CPU
		{6ABF68FE-8799-4C10-934E-C6D27CAE061F}.Debug|Any CPU.Build.0 = Debug|Any CPU
		{6ABF68FE-8799-4C10-934E-C6D27CAE061F}.Release|Any CPU.ActiveCfg = Release|Any CPU
		{6ABF68FE-8799-4C10-934E-C6D27CAE061F}.Release|Any CPU.Build.0 = Release|Any CPU
	EndGlobalSection
	GlobalSection(SolutionProperties) = preSolution
		HideSolutionNode = FALSE
	EndGlobalSection
	GlobalSection(ExtensibilityGlobals) = postSolution
		SolutionGuid = {04C595A0-55F5-4ADE-9180-97748F7D653E}
	EndGlobalSection
EndGlobal
